
Microsoft Visual Studio Solution File, Format Version 12.00
# Visual Studio Version 17
VisualStudioVersion = 17.3.32922.545
MinimumVisualStudioVersion = 10.0.40219.1
Project("{9A19103F-16F7-4668-BE54-9A1E7A4F7556}") = "WebAPI", "SMPengelolaanSimpanPinjam\WebAPI.csproj", "{FCCB8A53-255F-451A-A114-87B729E5EE54}"
EndProject
Project("{FAE04EC0-301F-11D3-BF4B-00C04F79EFBC}") = "WebApp", "WebApp\WebApp.csproj", "{ACCB24BC-B201-43C6-A39A-BB43BEE480E0}"
EndProject
Global
	GlobalSection(SolutionConfigurationPlatforms) = preSolution
		Debug|Any CPU = Debug|Any CPU
		Release|Any CPU = Release|Any CPU
	EndGlobalSection
	GlobalSection(ProjectConfigurationPlatforms) = postSolution
		{FCCB8A53-255F-451A-A114-87B729E5EE54}.Debug|Any CPU.ActiveCfg = Debug|Any CPU
		{FCCB8A53-255F-451A-A114-87B729E5EE54}.Debug|Any CPU.Build.0 = Debug|Any CPU
		{FCCB8A53-255F-451A-A114-87B729E5EE54}.Release|Any CPU.ActiveCfg = Release|Any CPU
		{FCCB8A53-255F-451A-A114-87B729E5EE54}.Release|Any CPU.Build.0 = Release|Any CPU
		{ACCB24BC-B201-43C6-A39A-BB43BEE480E0}.Debug|Any CPU.ActiveCfg = Debug|Any CPU
		{ACCB24BC-B201-43C6-A39A-BB43BEE480E0}.Debug|Any CPU.Build.0 = Debug|Any CPU
		{ACCB24BC-B201-43C6-A39A-BB43BEE480E0}.Release|Any CPU.ActiveCfg = Release|Any CPU
		{ACCB24BC-B201-43C6-A39A-BB43BEE480E0}.Release|Any CPU.Build.0 = Release|Any CPU
	EndGlobalSection
	GlobalSection(SolutionProperties) = preSolution
		HideSolutionNode = FALSE
	EndGlobalSection
	GlobalSection(ExtensibilityGlobals) = postSolution
		SolutionGuid = {63A57ED0-EDC7-4FC4-A9AF-7CD65036523A}
	EndGlobalSection
EndGlobal
